{
  "requires": true,
  "lockfileVersion": 1,
  "dependencies": {
    "express-bouncer": {
      "version": "0.2.0",
      "resolved": "https://registry.npmjs.org/express-bouncer/-/express-bouncer-0.2.0.tgz",
      "integrity": "sha1-OSBYlm9t+5kee2UaGj8KNjGTywQ="
    },
    "helmet": {
      "version": "4.2.0",
      "resolved": "https://registry.npmjs.org/helmet/-/helmet-4.2.0.tgz",
      "integrity": "sha512-aoiSxXMd0ks1ojYpSCFoCRzgv4rY/uB9jKStaw8PkXwsdLYa/Gq+Nc5l0soH0cwBIsLAlujPnx4HLQs+LaXCrQ=="
    }
  }
}
